
Microsoft Visual Studio Solution File, Format Version 12.00
# Visual Studio Version 16
VisualStudioVersion = 16.0.29613.14
MinimumVisualStudioVersion = 10.0.40219.1
Project("{FAE04EC0-301F-11D3-BF4B-00C04F79EFBC}") = "ContosoUniversity", "ContosoUniversity\ContosoUniversity.csproj", "{4818858E-3120-446A-AF1A-FA95B7A3767D}"
EndProject
Global
	GlobalSection(SolutionConfigurationPlatforms) = preSolution
		Debug|Any CPU = Debug|Any CPU
		Release|Any CPU = Release|Any CPU
	EndGlobalSection
	GlobalSection(ProjectConfigurationPlatforms) = postSolution
		{4818858E-3120-446A-AF1A-FA95B7A3767D}.Debug|Any CPU.ActiveCfg = Debug|Any CPU
		{4818858E-3120-446A-AF1A-FA95B7A3767D}.Debug|Any CPU.Build.0 = Debug|Any CPU
		{4818858E-3120-446A-AF1A-FA95B7A3767D}.Release|Any CPU.ActiveCfg = Release|Any CPU
		{4818858E-3120-446A-AF1A-FA95B7A3767D}.Release|Any CPU.Build.0 = Release|Any CPU
	EndGlobalSection
	GlobalSection(SolutionProperties) = preSolution
		HideSolutionNode = FALSE
	EndGlobalSection
	GlobalSection(ExtensibilityGlobals) = postSolution
		SolutionGuid = {5BB45D43-DDF5-4DE2-9FAD-20C50452E762}
	EndGlobalSection
EndGlobal
